
Microsoft Visual Studio Solution File, Format Version 12.00
# Visual Studio Version 17
VisualStudioVersion = 17.9.34728.123
MinimumVisualStudioVersion = 10.0.40219.1
Project("{8BC9CEB8-8B4A-11D0-8D11-00A0C91BC942}") = "aegtdah-rpg-", "aegtdah-rpg-.vcxproj", "{0EC67B6B-4FC0-47D6-9742-FC1FA1604B89}"
EndProject
Global
	GlobalSection(SolutionConfigurationPlatforms) = preSolution
		Debug|x64 = Debug|x64
		Release|x64 = Release|x64
	EndGlobalSection
	GlobalSection(ProjectConfigurationPlatforms) = postSolution
		{0EC67B6B-4FC0-47D6-9742-FC1FA1604B89}.Debug|x64.ActiveCfg = Debug|x64
		{0EC67B6B-4FC0-47D6-9742-FC1FA1604B89}.Debug|x64.Build.0 = Debug|x64
		{0EC67B6B-4FC0-47D6-9742-FC1FA1604B89}.Release|x64.ActiveCfg = Release|x64
		{0EC67B6B-4FC0-47D6-9742-FC1FA1604B89}.Release|x64.Build.0 = Release|x64
	EndGlobalSection
	GlobalSection(SolutionProperties) = preSolution
		HideSolutionNode = FALSE
	EndGlobalSection
	GlobalSection(ExtensibilityGlobals) = postSolution
		SolutionGuid = {4681F15F-90CA-4D79-B05B-A827207BFB5C}
	EndGlobalSection
EndGlobal
